
Microsoft Visual Studio Solution File, Format Version 12.00
# Visual Studio 15
VisualStudioVersion = 15.0.27428.1
MinimumVisualStudioVersion = 10.0.40219.1
Project("{FAE04EC0-301F-11D3-BF4B-00C04F79EFBC}") = "NerahomeWeb", "NerahomeWeb\NerahomeWeb.csproj", "{4E743116-A7B6-4D22-A99A-81AA919BF836}"
EndProject
Global
	GlobalSection(SolutionConfigurationPlatforms) = preSolution
		Debug|Any CPU = Debug|Any CPU
		Release|Any CPU = Release|Any CPU
	EndGlobalSection
	GlobalSection(ProjectConfigurationPlatforms) = postSolution
		{4E743116-A7B6-4D22-A99A-81AA919BF836}.Debug|Any CPU.ActiveCfg = Debug|Any CPU
		{4E743116-A7B6-4D22-A99A-81AA919BF836}.Debug|Any CPU.Build.0 = Debug|Any CPU
		{4E743116-A7B6-4D22-A99A-81AA919BF836}.Release|Any CPU.ActiveCfg = Release|Any CPU
		{4E743116-A7B6-4D22-A99A-81AA919BF836}.Release|Any CPU.Build.0 = Release|Any CPU
	EndGlobalSection
	GlobalSection(SolutionProperties) = preSolution
		HideSolutionNode = FALSE
	EndGlobalSection
	GlobalSection(ExtensibilityGlobals) = postSolution
		SolutionGuid = {E8D3311F-CD89-4A26-B6B9-BE33C89AFD36}
	EndGlobalSection
EndGlobal
